// !$*UTF8*$!
{
	archiveVersion = 1;
	classes = {
	};
	objectVersion = 46;
	objects = {

/* Begin PBXBuildFile section */
		22F1F05D1DE7C42800CE8D05 /* main.m in Sources */ = {isa = PBXBuildFile; fileRef = 22F1F05C1DE7C42800CE8D05 /* main.m */; };
		22F1F0601DE7C42800CE8D05 /* AppDelegate.m in Sources */ = {isa = PBXBuildFile; fileRef = 22F1F05F1DE7C42800CE8D05 /* AppDelegate.m */; };
		22F1F0631DE7C42800CE8D05 /* ViewController.m in Sources */ = {isa = PBXBuildFile; fileRef = 22F1F0621DE7C42800CE8D05 /* ViewController.m */; };
		22F1F0661DE7C42800CE8D05 /* Main.storyboard in Resources */ = {isa = PBXBuildFile; fileRef = 22F1F0641DE7C42800CE8D05 /* Main.storyboard */; };
		22F1F0681DE7C42800CE8D05 /* Assets.xcassets in Resources */ = {isa = PBXBuildFile; fileRef = 22F1F0671DE7C42800CE8D05 /* Assets.xcassets */; };
		22F1F06B1DE7C42800CE8D05 /* LaunchScreen.storyboard in Resources */ = {isa = PBXBuildFile; fileRef = 22F1F0691DE7C42800CE8D05 /* LaunchScreen.storyboard */; };
		22F1F0751DE7C56100CE8D05 /* GZPieChartView.m in Sources */ = {isa = PBXBuildFile; fileRef = 22F1F0741DE7C56100CE8D05 /* GZPieChartView.m */; };
/* End PBXBuildFile section */

/* Begin PBXFileReference section */
		22F1F0581DE7C42800CE8D05 /* GZPieChartView_2.app */ = {isa = PBXFileReference; explicitFileType = wrapper.application; includeInIndex = 0; path = GZPieChartView_2.app; sourceTree = BUILT_PRODUCTS_DIR; };
		22F1F05C1DE7C42800CE8D05 /* main.m */ = {isa = PBXFileReference; lastKnownFileType = sourcecode.c.objc; path = main.m; sourceTree = "<group>"; };
		22F1F05E1DE7C42800CE8D05 /* AppDelegate.h */ = {isa = PBXFileReference; lastKnownFileType = sourcecode.c.h; path = AppDelegate.h; sourceTree = "<group>"; };
		22F1F05F1DE7C42800CE8D05 /* AppDelegate.m */ = {isa = PBXFileReference; lastKnownFileType = sourcecode.c.objc; path = AppDelegate.m; sourceTree = "<group>"; };
		22F1F0611DE7C42800CE8D05 /* ViewController.h */ = {isa = PBXFileReference; lastKnownFileType = sourcecode.c.h; path = ViewController.h; sourceTree = "<group>"; };
		22F1F0621DE7C42800CE8D05 /* ViewController.m */ = {isa = PBXFileReference; lastKnownFileType = sourcecode.c.objc; path = ViewController.m; sourceTree = "<group>"; };
		22F1F0651DE7C42800CE8D05 /* Base */ = {isa = PBXFileReference; lastKnownFileType = file.storyboard; name = Base; path = Base.lproj/Main.storyboard; sourceTree = "<group>"; };
		22F1F0671DE7C42800CE8D05 /* Assets.xcassets */ = {isa = PBXFileReference; lastKnownFileType = folder.assetcatalog; path = Assets.xcassets; sourceTree = "<group>"; };
		22F1F06A1DE7C42800CE8D05 /* Base */ = {isa = PBXFileReference; lastKnownFileType = file.storyboard; name = Base; path = Base.lproj/LaunchScreen.storyboard; sourceTree = "<group>"; };
		22F1F06C1DE7C42800CE8D05 /* Info.plist */ = {isa = PBXFileReference; lastKnownFileType = text.plist.xml; path = Info.plist; sourceTree = "<group>"; };
		22F1F0731DE7C56100CE8D05 /* GZPieChartView.h */ = {isa = PBXFileReference; fileEncoding = 4; lastKnownFileType = sourcecode.c.h; path = GZPieChartView.h; sourceTree = "<group>"; };
		22F1F0741DE7C56100CE8D05 /* GZPieChartView.m */ = {isa = PBXFileReference; fileEncoding = 4; lastKnownFileType = sourcecode.c.objc; path = GZPieChartView.m; sourceTree = "<group>"; };
/* End PBXFileReference section */

/* Begin PBXFrameworksBuildPhase section */
		22F1F0551DE7C42700CE8D05 /* Frameworks */ = {
			isa = PBXFrameworksBuildPhase;
			buildActionMask = 2147483647;
			files = (
			);
			runOnlyForDeploymentPostprocessing = 0;
		};
/* End PBXFrameworksBuildPhase section */

/* Begin PBXGroup section */
		22F1F04F1DE7C42700CE8D05 = {
			isa = PBXGroup;
			children = (
				22F1F05A1DE7C42800CE8D05 /* GZPieChartView_2 */,
				22F1F0591DE7C42800CE8D05 /* Products */,
			);
			sourceTree = "<group>";
		};
		22F1F0591DE7C42800CE8D05 /* Products */ = {
			isa = PBXGroup;
			children = (
				22F1F0581DE7C42800CE8D05 /* GZPieChartView_2.app */,
			);
			name = Products;
			sourceTree = "<group>";
		};
		22F1F05A1DE7C42800CE8D05 /* GZPieChartView_2 */ = {
			isa = PBXGroup;
			children = (
				22F1F0721DE7C44400CE8D05 /* GZPieChartView */,
				22F1F05E1DE7C42800CE8D05 /* AppDelegate.h */,
				22F1F05F1DE7C42800CE8D05 /* AppDelegate.m */,
				22F1F0611DE7C42800CE8D05 /* ViewController.h */,
				22F1F0621DE7C42800CE8D05 /* ViewController.m */,
				22F1F0641DE7C42800CE8D05 /* Main.storyboard */,
				22F1F0671DE7C42800CE8D05 /* Assets.xcassets */,
				22F1F0691DE7C42800CE8D05 /* LaunchScreen.storyboard */,
				22F1F06C1DE7C42800CE8D05 /* Info.plist */,
				22F1F05B1DE7C42800CE8D05 /* Supporting Files */,
			);
			path = GZPieChartView_2;
			sourceTree = "<group>";
		};
		22F1F05B1DE7C42800CE8D05 /* Supporting Files */ = {
			isa = PBXGroup;
			children = (
				22F1F05C1DE7C42800CE8D05 /* main.m */,
			);
			name = "Supporting Files";
			sourceTree = "<group>";
		};
		22F1F0721DE7C44400CE8D05 /* GZPieChartView */ = {
			isa = PBXGroup;
			children = (
				22F1F0731DE7C56100CE8D05 /* GZPieChartView.h */,
				22F1F0741DE7C56100CE8D05 /* GZPieChartView.m */,
			);
			path = GZPieChartView;
			sourceTree = "<group>";
		};
/* End PBXGroup section */

/* Begin PBXNativeTarget section */
		22F1F0571DE7C42700CE8D05 /* GZPieChartView_2 */ = {
			isa = PBXNativeTarget;
			buildConfigurationList = 22F1F06F1DE7C42800CE8D05 /* Build configuration list for PBXNativeTarget "GZPieChartView_2" */;
			buildPhases = (
				22F1F0541DE7C42700CE8D05 /* Sources */,
				22F1F0551DE7C42700CE8D05 /* Frameworks */,
				22F1F0561DE7C42700CE8D05 /* Resources */,
			);
			buildRules = (
			);
			dependencies = (
			);
			name = GZPieChartView_2;
			productName = GZPieChartView_2;
			productReference = 22F1F0581DE7C42800CE8D05 /* GZPieChartView_2.app */;
			productType = "com.apple.product-type.application";
		};
/* End PBXNativeTarget section */

/* Begin PBXProject section */
		22F1F0501DE7C42700CE8D05 /* Project object */ = {
			isa = PBXProject;
			attributes = {
				LastUpgradeCheck = 0810;
				ORGANIZATIONNAME = com.zlot.gz;
				TargetAttributes = {
					22F1F0571DE7C42700CE8D05 = {
						CreatedOnToolsVersion = 8.1;
						ProvisioningStyle = Automatic;
					};
				};
			};
			buildConfigurationList = 22F1F0531DE7C42700CE8D05 /* Build configuration list for PBXProject "GZPieChartView_2" */;
			compatibilityVersion = "Xcode 3.2";
			developmentRegion = English;
			hasScannedForEncodings = 0;
			knownRegions = (
				en,
				Base,
			);
			mainGroup = 22F1F04F1DE7C42700CE8D05;
			productRefGroup = 22F1F0591DE7C42800CE8D05 /* Products */;
			projectDirPath = "";
			projectRoot = "";
			targets = (
				22F1F0571DE7C42700CE8D05 /* GZPieChartView_2 */,
			);
		};
/* End PBXProject section */

/* Begin PBXResourcesBuildPhase section */
		22F1F0561DE7C42700CE8D05 /* Resources */ = {
			isa = PBXResourcesBuildPhase;
			buildActionMask = 2147483647;
			files = (
				22F1F06B1DE7C42800CE8D05 /* LaunchScreen.storyboard in Resources */,
				22F1F0681DE7C42800CE8D05 /* Assets.xcassets in Resources */,
				22F1F0661DE7C42800CE8D05 /* Main.storyboard in Resources */,
			);
			runOnlyForDeploymentPostprocessing = 0;
		};
/* End PBXResourcesBuildPhase section */

/* Begin PBXSourcesBuildPhase section */
		22F1F0541DE7C42700CE8D05 /* Sources */ = {
			isa = PBXSourcesBuildPhase;
			buildActionMask = 2147483647;
			files = (
				22F1F0751DE7C56100CE8D05 /* GZPieChartView.m in Sources */,
				22F1F0631DE7C42800CE8D05 /* ViewController.m in Sources */,
				22F1F0601DE7C42800CE8D05 /* AppDelegate.m in Sources */,
				22F1F05D1DE7C42800CE8D05 /* main.m in Sources */,
			);
			runOnlyForDeploymentPostprocessing = 0;
		};
/* End PBXSourcesBuildPhase section */

/* Begin PBXVariantGroup section */
		22F1F0641DE7C42800CE8D05 /* Main.storyboard */ = {
			isa = PBXVariantGroup;
			children = (
				22F1F0651DE7C42800CE8D05 /* Base */,
			);
			name = Main.storyboard;
			sourceTree = "<group>";
		};
		22F1F0691DE7C42800CE8D05 /* LaunchScreen.storyboard */ = {
			isa = PBXVariantGroup;
			children = (
				22F1F06A1DE7C42800CE8D05 /* Base */,
			);
			name = LaunchScreen.storyboard;
			sourceTree = "<group>";
		};
/* End PBXVariantGroup section */

/* Begin XCBuildConfiguration section */
		22F1F06D1DE7C42800CE8D05 /* Debug */ = {
			isa = XCBuildConfiguration;
			buildSettings = {
				ALWAYS_SEARCH_USER_PATHS = NO;
				CLANG_ANALYZER_NONNULL = YES;
				CLANG_CXX_LANGUAGE_STANDARD = "gnu++0x";
				CLANG_CXX_LIBRARY = "libc++";
				CLANG_ENABLE_MODULES = YES;
				CLANG_ENABLE_OBJC_ARC = YES;
				CLANG_WARN_BOOL_CONVERSION = YES;
				CLANG_WARN_CONSTANT_CONVERSION = YES;
				CLANG_WARN_DIRECT_OBJC_ISA_USAGE = YES_ERROR;
				CLANG_WARN_DOCUMENTATION_COMMENTS = YES;
				CLANG_WARN_EMPTY_BODY = YES;
				CLANG_WARN_ENUM_CONVERSION = YES;
				CLANG_WARN_INFINITE_RECURSION = YES;
				CLANG_WARN_INT_CONVERSION = YES;
				CLANG_WARN_OBJC_ROOT_CLASS = YES_ERROR;
				CLANG_WARN_SUSPICIOUS_MOVES = YES;
				CLANG_WARN_UNREACHABLE_CODE = YES;
				CLANG_WARN__DUPLICATE_METHOD_MATCH = YES;
				"CODE_SIGN_IDENTITY[sdk=iphoneos*]" = "iPhone Developer";
				COPY_PHASE_STRIP = NO;
				DEBUG_INFORMATION_FORMAT = dwarf;
				ENABLE_STRICT_OBJC_MSGSEND = YES;
				ENABLE_TESTABILITY = YES;
				GCC_C_LANGUAGE_STANDARD = gnu99;
				GCC_DYNAMIC_NO_PIC = NO;
				GCC_NO_COMMON_BLOCKS = YES;
				GCC_OPTIMIZATION_LEVEL = 0;
				GCC_PREPROCESSOR_DEFINITIONS = (
					"DEBUG=1",
					"$(inherited)",
				);
				GCC_WARN_64_TO_32_BIT_CONVERSION = YES;
				GCC_WARN_ABOUT_RETURN_TYPE = YES_ERROR;
				GCC_WARN_UNDECLARED_SELECTOR = YES;
				GCC_WARN_UNINITIALIZED_AUTOS = YES_AGGRESSIVE;
				GCC_WARN_UNUSED_FUNCTION = YES;
				GCC_WARN_UNUSED_VARIABLE = YES;
				IPHONEOS_DEPLOYMENT_TARGET = 10.1;
				MTL_ENABLE_DEBUG_INFO = YES;
				ONLY_ACTIVE_ARCH = YES;
				SDKROOT = iphoneos;
				TARGETED_DEVICE_FAMILY = "1,2";
			};
			name = Debug;
		};
		22F1F06E1DE7C42800CE8D05 /* Release */ = {
			isa = XCBuildConfiguration;
			buildSettings = {
				ALWAYS_SEARCH_USER_PATHS = NO;
				CLANG_ANALYZER_NONNULL = YES;
				CLANG_CXX_LANGUAGE_STANDARD = "gnu++0x";
				CLANG_CXX_LIBRARY = "libc++";
				CLANG_ENABLE_MODULES = YES;
				CLANG_ENABLE_OBJC_ARC = YES;
				CLANG_WARN_BOOL_CONVERSION = YES;
				CLANG_WARN_CONSTANT_CONVERSION = YES;
				CLANG_WARN_DIRECT_OBJC_ISA_USAGE = YES_ERROR;
				CLANG_WARN_DOCUMENTATION_COMMENTS = YES;
				CLANG_WARN_EMPTY_BODY = YES;
				CLANG_WARN_ENUM_CONVERSION = YES;
				CLANG_WARN_INFINITE_RECURSION = YES;
				CLANG_WARN_INT_CONVERSION = YES;
				CLANG_WARN_OBJC_ROOT_CLASS = YES_ERROR;
				CLANG_WARN_SUSPICIOUS_MOVES = YES;
				CLANG_WARN_UNREACHABLE_CODE = YES;
				CLANG_WARN__DUPLICATE_METHOD_MATCH = YES;
				"CODE_SIGN_IDENTITY[sdk=iphoneos*]" = "iPhone Developer";
				COPY_PHASE_STRIP = NO;
				DEBUG_INFORMATION_FORMAT = "dwarf-with-dsym";
				ENABLE_NS_ASSERTIONS = NO;
				ENABLE_STRICT_OBJC_MSGSEND = YES;
				GCC_C_LANGUAGE_STANDARD = gnu99;
				GCC_NO_COMMON_BLOCKS = YES;
				GCC_WARN_64_TO_32_BIT_CONVERSION = YES;
				GCC_WARN_ABOUT_RETURN_TYPE = YES_ERROR;
				GCC_WARN_UNDECLARED_SELECTOR = YES;
				GCC_WARN_UNINITIALIZED_AUTOS = YES_AGGRESSIVE;
				GCC_WARN_UNUSED_FUNCTION = YES;
				GCC_WARN_UNUSED_VARIABLE = YES;
				IPHONEOS_DEPLOYMENT_TARGET = 10.1;
				MTL_ENABLE_DEBUG_INFO = NO;
				SDKROOT = iphoneos;
				TARGETED_DEVICE_FAMILY = "1,2";
				VALIDATE_PRODUCT = YES;
			};
			name = Release;
		};
		22F1F0701DE7C42800CE8D05 /* Debug */ = {
			isa = XCBuildConfiguration;
			buildSettings = {
				ASSETCATALOG_COMPILER_APPICON_NAME = AppIcon;
				INFOPLIST_FILE = GZPieChartView_2/Info.plist;
				LD_RUNPATH_SEARCH_PATHS = "$(inherited) @executable_path/Frameworks";
				PRODUCT_BUNDLE_IDENTIFIER = "com.zlot.gz.GZPieChartView-2";
				PRODUCT_NAME = "$(TARGET_NAME)";
			};
			name = Debug;
		};
		22F1F0711DE7C42800CE8D05 /* Release */ = {
			isa = XCBuildConfiguration;
			buildSettings = {
				ASSETCATALOG_COMPILER_APPICON_NAME = AppIcon;
				INFOPLIST_FILE = GZPieChartView_2/Info.plist;
				LD_RUNPATH_SEARCH_PATHS = "$(inherited) @executable_path/Frameworks";
				PRODUCT_BUNDLE_IDENTIFIER = "com.zlot.gz.GZPieChartView-2";
				PRODUCT_NAME = "$(TARGET_NAME)";
			};
			name = Release;
		};
/* End XCBuildConfiguration section */

/* Begin XCConfigurationList section */
		22F1F0531DE7C42700CE8D05 /* Build configuration list for PBXProject "GZPieChartView_2" */ = {
			isa = XCConfigurationList;
			buildConfigurations = (
				22F1F06D1DE7C42800CE8D05 /* Debug */,
				22F1F06E1DE7C42800CE8D05 /* Release */,
			);
			defaultConfigurationIsVisible = 0;
			defaultConfigurationName = Release;
		};
		22F1F06F1DE7C42800CE8D05 /* Build configuration list for PBXNativeTarget "GZPieChartView_2" */ = {
			isa = XCConfigurationList;
			buildConfigurations = (
				22F1F0701DE7C42800CE8D05 /* Debug */,
				22F1F0711DE7C42800CE8D05 /* Release */,
			);
			defaultConfigurationIsVisible = 0;
		};
/* End XCConfigurationList section */
	};
	rootObject = 22F1F0501DE7C42700CE8D05 /* Project object */;
}
